
Microsoft Visual Studio Solution File, Format Version 12.00
# Visual Studio 15
VisualStudioVersion = 15.0.28307.136
MinimumVisualStudioVersion = 10.0.40219.1
Project("{FAE04EC0-301F-11D3-BF4B-00C04F79EFBC}") = "EpiPersonalization.Criteria.UkPostcodes", "EpiPersonalization.Criteria.UkPostcodes.csproj", "{720A3D52-2F51-4A1E-987C-0EB8F6CA1F17}"
EndProject
Global
	GlobalSection(SolutionConfigurationPlatforms) = preSolution
		Debug|Any CPU = Debug|Any CPU
		Release|Any CPU = Release|Any CPU
	EndGlobalSection
	GlobalSection(ProjectConfigurationPlatforms) = postSolution
		{720A3D52-2F51-4A1E-987C-0EB8F6CA1F17}.Debug|Any CPU.ActiveCfg = Debug|Any CPU
		{720A3D52-2F51-4A1E-987C-0EB8F6CA1F17}.Debug|Any CPU.Build.0 = Debug|Any CPU
		{720A3D52-2F51-4A1E-987C-0EB8F6CA1F17}.Release|Any CPU.ActiveCfg = Release|Any CPU
		{720A3D52-2F51-4A1E-987C-0EB8F6CA1F17}.Release|Any CPU.Build.0 = Release|Any CPU
	EndGlobalSection
	GlobalSection(SolutionProperties) = preSolution
		HideSolutionNode = FALSE
	EndGlobalSection
	GlobalSection(ExtensibilityGlobals) = postSolution
		SolutionGuid = {F8B8C42D-0525-4E60-8229-4F8843981C91}
	EndGlobalSection
EndGlobal
